
Microsoft Visual Studio Solution File, Format Version 12.00
# Visual Studio Version 17
VisualStudioVersion = 17.11.35303.130
MinimumVisualStudioVersion = 10.0.40219.1
Project("{FAE04EC0-301F-11D3-BF4B-00C04F79EFBC}") = "VAT_Calculation", "VAT_Calculation\VAT_Calculation.csproj", "{9682ED90-A1FA-4A32-B716-78B9BC60B430}"
EndProject
Global
	GlobalSection(SolutionConfigurationPlatforms) = preSolution
		Debug|Any CPU = Debug|Any CPU
		Release|Any CPU = Release|Any CPU
	EndGlobalSection
	GlobalSection(ProjectConfigurationPlatforms) = postSolution
		{9682ED90-A1FA-4A32-B716-78B9BC60B430}.Debug|Any CPU.ActiveCfg = Debug|Any CPU
		{9682ED90-A1FA-4A32-B716-78B9BC60B430}.Debug|Any CPU.Build.0 = Debug|Any CPU
		{9682ED90-A1FA-4A32-B716-78B9BC60B430}.Release|Any CPU.ActiveCfg = Release|Any CPU
		{9682ED90-A1FA-4A32-B716-78B9BC60B430}.Release|Any CPU.Build.0 = Release|Any CPU
	EndGlobalSection
	GlobalSection(SolutionProperties) = preSolution
		HideSolutionNode = FALSE
	EndGlobalSection
	GlobalSection(ExtensibilityGlobals) = postSolution
		SolutionGuid = {6F4FA29D-41BB-4A45-9DA7-23B721C479A3}
	EndGlobalSection
EndGlobal
